
Microsoft Visual Studio Solution File, Format Version 12.00
# Visual Studio Version 16
VisualStudioVersion = 16.0.31205.134
MinimumVisualStudioVersion = 10.0.40219.1
Project("{FAE04EC0-301F-11D3-BF4B-00C04F79EFBC}") = "Practica2", "Practica2\Practica2.csproj", "{3A11CA48-8886-44E5-A8E6-56C7E1408973}"
EndProject
Global
	GlobalSection(SolutionConfigurationPlatforms) = preSolution
		Debug|Any CPU = Debug|Any CPU
		Release|Any CPU = Release|Any CPU
	EndGlobalSection
	GlobalSection(ProjectConfigurationPlatforms) = postSolution
		{3A11CA48-8886-44E5-A8E6-56C7E1408973}.Debug|Any CPU.ActiveCfg = Debug|Any CPU
		{3A11CA48-8886-44E5-A8E6-56C7E1408973}.Debug|Any CPU.Build.0 = Debug|Any CPU
		{3A11CA48-8886-44E5-A8E6-56C7E1408973}.Release|Any CPU.ActiveCfg = Release|Any CPU
		{3A11CA48-8886-44E5-A8E6-56C7E1408973}.Release|Any CPU.Build.0 = Release|Any CPU
	EndGlobalSection
	GlobalSection(SolutionProperties) = preSolution
		HideSolutionNode = FALSE
	EndGlobalSection
	GlobalSection(ExtensibilityGlobals) = postSolution
		SolutionGuid = {A2C9E3F3-92B5-4EE6-B49C-E912EAC437B3}
	EndGlobalSection
EndGlobal
